// !$*UTF8*$!
{
	archiveVersion = 1;
	classes = {
	};
	objectVersion = 55;
	objects = {

/* Begin PBXBuildFile section */
		7F1119E228BD9D00008C0570 /* SensorAndBLEApp.swift in Sources */ = {isa = PBXBuildFile; fileRef = 7F1119E128BD9D00008C0570 /* SensorAndBLEApp.swift */; };
		7F1119E428BD9D00008C0570 /* ContentView.swift in Sources */ = {isa = PBXBuildFile; fileRef = 7F1119E328BD9D00008C0570 /* ContentView.swift */; };
		7F1119E628BD9D03008C0570 /* Assets.xcassets in Resources */ = {isa = PBXBuildFile; fileRef = 7F1119E528BD9D03008C0570 /* Assets.xcassets */; };
		7F1119E928BD9D03008C0570 /* Preview Assets.xcassets in Resources */ = {isa = PBXBuildFile; fileRef = 7F1119E828BD9D03008C0570 /* Preview Assets.xcassets */; };
		7F1119F028BD9D27008C0570 /* CentralView.swift in Sources */ = {isa = PBXBuildFile; fileRef = 7F1119EF28BD9D27008C0570 /* CentralView.swift */; };
		7F1119F228BD9D37008C0570 /* PeripheralView.swift in Sources */ = {isa = PBXBuildFile; fileRef = 7F1119F128BD9D37008C0570 /* PeripheralView.swift */; };
		7F1119F428BD9D53008C0570 /* CentralViewModel.swift in Sources */ = {isa = PBXBuildFile; fileRef = 7F1119F328BD9D53008C0570 /* CentralViewModel.swift */; };
		7F1119F628BD9D65008C0570 /* PeripheralViewModel.swift in Sources */ = {isa = PBXBuildFile; fileRef = 7F1119F528BD9D65008C0570 /* PeripheralViewModel.swift */; };
		7F1119F828BD9EC9008C0570 /* SensorManager.swift in Sources */ = {isa = PBXBuildFile; fileRef = 7F1119F728BD9EC9008C0570 /* SensorManager.swift */; };
		7F1119FA28BD9EF4008C0570 /* Const.swift in Sources */ = {isa = PBXBuildFile; fileRef = 7F1119F928BD9EF4008C0570 /* Const.swift */; };
		7F40823528CB81C10025E6CB /* MainViewModel.swift in Sources */ = {isa = PBXBuildFile; fileRef = 7F40823428CB81C10025E6CB /* MainViewModel.swift */; };
		7F40823728CB81E40025E6CB /* MainView.swift in Sources */ = {isa = PBXBuildFile; fileRef = 7F40823628CB81E40025E6CB /* MainView.swift */; };
/* End PBXBuildFile section */

/* Begin PBXFileReference section */
		7F1119DE28BD9D00008C0570 /* SensorAndBLE.app */ = {isa = PBXFileReference; explicitFileType = wrapper.application; includeInIndex = 0; path = SensorAndBLE.app; sourceTree = BUILT_PRODUCTS_DIR; };
		7F1119E128BD9D00008C0570 /* SensorAndBLEApp.swift */ = {isa = PBXFileReference; lastKnownFileType = sourcecode.swift; path = SensorAndBLEApp.swift; sourceTree = "<group>"; };
		7F1119E328BD9D00008C0570 /* ContentView.swift */ = {isa = PBXFileReference; lastKnownFileType = sourcecode.swift; path = ContentView.swift; sourceTree = "<group>"; };
		7F1119E528BD9D03008C0570 /* Assets.xcassets */ = {isa = PBXFileReference; lastKnownFileType = folder.assetcatalog; path = Assets.xcassets; sourceTree = "<group>"; };
		7F1119E828BD9D03008C0570 /* Preview Assets.xcassets */ = {isa = PBXFileReference; lastKnownFileType = folder.assetcatalog; path = "Preview Assets.xcassets"; sourceTree = "<group>"; };
		7F1119EF28BD9D27008C0570 /* CentralView.swift */ = {isa = PBXFileReference; lastKnownFileType = sourcecode.swift; path = CentralView.swift; sourceTree = "<group>"; };
		7F1119F128BD9D37008C0570 /* PeripheralView.swift */ = {isa = PBXFileReference; lastKnownFileType = sourcecode.swift; path = PeripheralView.swift; sourceTree = "<group>"; };
		7F1119F328BD9D53008C0570 /* CentralViewModel.swift */ = {isa = PBXFileReference; lastKnownFileType = sourcecode.swift; path = CentralViewModel.swift; sourceTree = "<group>"; };
		7F1119F528BD9D65008C0570 /* PeripheralViewModel.swift */ = {isa = PBXFileReference; lastKnownFileType = sourcecode.swift; path = PeripheralViewModel.swift; sourceTree = "<group>"; };
		7F1119F728BD9EC9008C0570 /* SensorManager.swift */ = {isa = PBXFileReference; lastKnownFileType = sourcecode.swift; path = SensorManager.swift; sourceTree = "<group>"; };
		7F1119F928BD9EF4008C0570 /* Const.swift */ = {isa = PBXFileReference; lastKnownFileType = sourcecode.swift; path = Const.swift; sourceTree = "<group>"; };
		7F40823428CB81C10025E6CB /* MainViewModel.swift */ = {isa = PBXFileReference; lastKnownFileType = sourcecode.swift; path = MainViewModel.swift; sourceTree = "<group>"; };
		7F40823628CB81E40025E6CB /* MainView.swift */ = {isa = PBXFileReference; lastKnownFileType = sourcecode.swift; path = MainView.swift; sourceTree = "<group>"; };
/* End PBXFileReference section */

/* Begin PBXFrameworksBuildPhase section */
		7F1119DB28BD9D00008C0570 /* Frameworks */ = {
			isa = PBXFrameworksBuildPhase;
			buildActionMask = 2147483647;
			files = (
			);
			runOnlyForDeploymentPostprocessing = 0;
		};
/* End PBXFrameworksBuildPhase section */

/* Begin PBXGroup section */
		7F1119D528BD9D00008C0570 = {
			isa = PBXGroup;
			children = (
				7F1119E028BD9D00008C0570 /* SensorAndBLE */,
				7F1119DF28BD9D00008C0570 /* Products */,
			);
			sourceTree = "<group>";
		};
		7F1119DF28BD9D00008C0570 /* Products */ = {
			isa = PBXGroup;
			children = (
				7F1119DE28BD9D00008C0570 /* SensorAndBLE.app */,
			);
			name = Products;
			sourceTree = "<group>";
		};
		7F1119E028BD9D00008C0570 /* SensorAndBLE */ = {
			isa = PBXGroup;
			children = (
				7F1119E128BD9D00008C0570 /* SensorAndBLEApp.swift */,
				7F5B4F1028C18380006C8F03 /* View */,
				7F5B4F1128C1839A006C8F03 /* ViewModel */,
				7F1119F928BD9EF4008C0570 /* Const.swift */,
				7F1119F728BD9EC9008C0570 /* SensorManager.swift */,
				7F1119E528BD9D03008C0570 /* Assets.xcassets */,
				7F1119E728BD9D03008C0570 /* Preview Content */,
			);
			path = SensorAndBLE;
			sourceTree = "<group>";
		};
		7F1119E728BD9D03008C0570 /* Preview Content */ = {
			isa = PBXGroup;
			children = (
				7F1119E828BD9D03008C0570 /* Preview Assets.xcassets */,
			);
			path = "Preview Content";
			sourceTree = "<group>";
		};
		7F5B4F1028C18380006C8F03 /* View */ = {
			isa = PBXGroup;
			children = (
				7F1119E328BD9D00008C0570 /* ContentView.swift */,
				7F40823628CB81E40025E6CB /* MainView.swift */,
				7F1119F128BD9D37008C0570 /* PeripheralView.swift */,
				7F1119EF28BD9D27008C0570 /* CentralView.swift */,
			);
			path = View;
			sourceTree = "<group>";
		};
		7F5B4F1128C1839A006C8F03 /* ViewModel */ = {
			isa = PBXGroup;
			children = (
				7F1119F328BD9D53008C0570 /* CentralViewModel.swift */,
				7F1119F528BD9D65008C0570 /* PeripheralViewModel.swift */,
				7F40823428CB81C10025E6CB /* MainViewModel.swift */,
			);
			path = ViewModel;
			sourceTree = "<group>";
		};
/* End PBXGroup section */

/* Begin PBXNativeTarget section */
		7F1119DD28BD9D00008C0570 /* SensorAndBLE */ = {
			isa = PBXNativeTarget;
			buildConfigurationList = 7F1119EC28BD9D03008C0570 /* Build configuration list for PBXNativeTarget "SensorAndBLE" */;
			buildPhases = (
				7F1119DA28BD9D00008C0570 /* Sources */,
				7F1119DB28BD9D00008C0570 /* Frameworks */,
				7F1119DC28BD9D00008C0570 /* Resources */,
			);
			buildRules = (
			);
			dependencies = (
			);
			name = SensorAndBLE;
			productName = SensorAndBLE;
			productReference = 7F1119DE28BD9D00008C0570 /* SensorAndBLE.app */;
			productType = "com.apple.product-type.application";
		};
/* End PBXNativeTarget section */

/* Begin PBXProject section */
		7F1119D628BD9D00008C0570 /* Project object */ = {
			isa = PBXProject;
			attributes = {
				BuildIndependentTargetsInParallel = 1;
				LastSwiftUpdateCheck = 1340;
				LastUpgradeCheck = 1340;
				TargetAttributes = {
					7F1119DD28BD9D00008C0570 = {
						CreatedOnToolsVersion = 13.4;
					};
				};
			};
			buildConfigurationList = 7F1119D928BD9D00008C0570 /* Build configuration list for PBXProject "SensorAndBLE" */;
			compatibilityVersion = "Xcode 13.0";
			developmentRegion = en;
			hasScannedForEncodings = 0;
			knownRegions = (
				en,
				Base,
			);
			mainGroup = 7F1119D528BD9D00008C0570;
			productRefGroup = 7F1119DF28BD9D00008C0570 /* Products */;
			projectDirPath = "";
			projectRoot = "";
			targets = (
				7F1119DD28BD9D00008C0570 /* SensorAndBLE */,
			);
		};
/* End PBXProject section */

/* Begin PBXResourcesBuildPhase section */
		7F1119DC28BD9D00008C0570 /* Resources */ = {
			isa = PBXResourcesBuildPhase;
			buildActionMask = 2147483647;
			files = (
				7F1119E928BD9D03008C0570 /* Preview Assets.xcassets in Resources */,
				7F1119E628BD9D03008C0570 /* Assets.xcassets in Resources */,
			);
			runOnlyForDeploymentPostprocessing = 0;
		};
/* End PBXResourcesBuildPhase section */

/* Begin PBXSourcesBuildPhase section */
		7F1119DA28BD9D00008C0570 /* Sources */ = {
			isa = PBXSourcesBuildPhase;
			buildActionMask = 2147483647;
			files = (
				7F40823728CB81E40025E6CB /* MainView.swift in Sources */,
				7F1119F428BD9D53008C0570 /* CentralViewModel.swift in Sources */,
				7F1119F028BD9D27008C0570 /* CentralView.swift in Sources */,
				7F1119F828BD9EC9008C0570 /* SensorManager.swift in Sources */,
				7F1119F628BD9D65008C0570 /* PeripheralViewModel.swift in Sources */,
				7F1119E428BD9D00008C0570 /* ContentView.swift in Sources */,
				7F1119FA28BD9EF4008C0570 /* Const.swift in Sources */,
				7F1119F228BD9D37008C0570 /* PeripheralView.swift in Sources */,
				7F1119E228BD9D00008C0570 /* SensorAndBLEApp.swift in Sources */,
				7F40823528CB81C10025E6CB /* MainViewModel.swift in Sources */,
			);
			runOnlyForDeploymentPostprocessing = 0;
		};
/* End PBXSourcesBuildPhase section */

/* Begin XCBuildConfiguration section */
		7F1119EA28BD9D03008C0570 /* Debug */ = {
			isa = XCBuildConfiguration;
			buildSettings = {
				ALWAYS_SEARCH_USER_PATHS = NO;
				CLANG_ANALYZER_NONNULL = YES;
				CLANG_ANALYZER_NUMBER_OBJECT_CONVERSION = YES_AGGRESSIVE;
				CLANG_CXX_LANGUAGE_STANDARD = "gnu++17";
				CLANG_ENABLE_MODULES = YES;
				CLANG_ENABLE_OBJC_ARC = YES;
				CLANG_ENABLE_OBJC_WEAK = YES;
				CLANG_WARN_BLOCK_CAPTURE_AUTORELEASING = YES;
				CLANG_WARN_BOOL_CONVERSION = YES;
				CLANG_WARN_COMMA = YES;
				CLANG_WARN_CONSTANT_CONVERSION = YES;
				CLANG_WARN_DEPRECATED_OBJC_IMPLEMENTATIONS = YES;
				CLANG_WARN_DIRECT_OBJC_ISA_USAGE = YES_ERROR;
				CLANG_WARN_DOCUMENTATION_COMMENTS = YES;
				CLANG_WARN_EMPTY_BODY = YES;
				CLANG_WARN_ENUM_CONVERSION = YES;
				CLANG_WARN_INFINITE_RECURSION = YES;
				CLANG_WARN_INT_CONVERSION = YES;
				CLANG_WARN_NON_LITERAL_NULL_CONVERSION = YES;
				CLANG_WARN_OBJC_IMPLICIT_RETAIN_SELF = YES;
				CLANG_WARN_OBJC_LITERAL_CONVERSION = YES;
				CLANG_WARN_OBJC_ROOT_CLASS = YES_ERROR;
				CLANG_WARN_QUOTED_INCLUDE_IN_FRAMEWORK_HEADER = YES;
				CLANG_WARN_RANGE_LOOP_ANALYSIS = YES;
				CLANG_WARN_STRICT_PROTOTYPES = YES;
				CLANG_WARN_SUSPICIOUS_MOVE = YES;
				CLANG_WARN_UNGUARDED_AVAILABILITY = YES_AGGRESSIVE;
				CLANG_WARN_UNREACHABLE_CODE = YES;
				CLANG_WARN__DUPLICATE_METHOD_MATCH = YES;
				COPY_PHASE_STRIP = NO;
				DEBUG_INFORMATION_FORMAT = dwarf;
				ENABLE_STRICT_OBJC_MSGSEND = YES;
				ENABLE_TESTABILITY = YES;
				GCC_C_LANGUAGE_STANDARD = gnu11;
				GCC_DYNAMIC_NO_PIC = NO;
				GCC_NO_COMMON_BLOCKS = YES;
				GCC_OPTIMIZATION_LEVEL = 0;
				GCC_PREPROCESSOR_DEFINITIONS = (
					"DEBUG=1",
					"$(inherited)",
				);
				GCC_WARN_64_TO_32_BIT_CONVERSION = YES;
				GCC_WARN_ABOUT_RETURN_TYPE = YES_ERROR;
				GCC_WARN_UNDECLARED_SELECTOR = YES;
				GCC_WARN_UNINITIALIZED_AUTOS = YES_AGGRESSIVE;
				GCC_WARN_UNUSED_FUNCTION = YES;
				GCC_WARN_UNUSED_VARIABLE = YES;
				IPHONEOS_DEPLOYMENT_TARGET = 14.4;
				MTL_ENABLE_DEBUG_INFO = INCLUDE_SOURCE;
				MTL_FAST_MATH = YES;
				ONLY_ACTIVE_ARCH = YES;
				SDKROOT = iphoneos;
				SWIFT_ACTIVE_COMPILATION_CONDITIONS = DEBUG;
				SWIFT_OPTIMIZATION_LEVEL = "-Onone";
			};
			name = Debug;
		};
		7F1119EB28BD9D03008C0570 /* Release */ = {
			isa = XCBuildConfiguration;
			buildSettings = {
				ALWAYS_SEARCH_USER_PATHS = NO;
				CLANG_ANALYZER_NONNULL = YES;
				CLANG_ANALYZER_NUMBER_OBJECT_CONVERSION = YES_AGGRESSIVE;
				CLANG_CXX_LANGUAGE_STANDARD = "gnu++17";
				CLANG_ENABLE_MODULES = YES;
				CLANG_ENABLE_OBJC_ARC = YES;
				CLANG_ENABLE_OBJC_WEAK = YES;
				CLANG_WARN_BLOCK_CAPTURE_AUTORELEASING = YES;
				CLANG_WARN_BOOL_CONVERSION = YES;
				CLANG_WARN_COMMA = YES;
				CLANG_WARN_CONSTANT_CONVERSION = YES;
				CLANG_WARN_DEPRECATED_OBJC_IMPLEMENTATIONS = YES;
				CLANG_WARN_DIRECT_OBJC_ISA_USAGE = YES_ERROR;
				CLANG_WARN_DOCUMENTATION_COMMENTS = YES;
				CLANG_WARN_EMPTY_BODY = YES;
				CLANG_WARN_ENUM_CONVERSION = YES;
				CLANG_WARN_INFINITE_RECURSION = YES;
				CLANG_WARN_INT_CONVERSION = YES;
				CLANG_WARN_NON_LITERAL_NULL_CONVERSION = YES;
				CLANG_WARN_OBJC_IMPLICIT_RETAIN_SELF = YES;
				CLANG_WARN_OBJC_LITERAL_CONVERSION = YES;
				CLANG_WARN_OBJC_ROOT_CLASS = YES_ERROR;
				CLANG_WARN_QUOTED_INCLUDE_IN_FRAMEWORK_HEADER = YES;
				CLANG_WARN_RANGE_LOOP_ANALYSIS = YES;
				CLANG_WARN_STRICT_PROTOTYPES = YES;
				CLANG_WARN_SUSPICIOUS_MOVE = YES;
				CLANG_WARN_UNGUARDED_AVAILABILITY = YES_AGGRESSIVE;
				CLANG_WARN_UNREACHABLE_CODE = YES;
				CLANG_WARN__DUPLICATE_METHOD_MATCH = YES;
				COPY_PHASE_STRIP = NO;
				DEBUG_INFORMATION_FORMAT = "dwarf-with-dsym";
				ENABLE_NS_ASSERTIONS = NO;
				ENABLE_STRICT_OBJC_MSGSEND = YES;
				GCC_C_LANGUAGE_STANDARD = gnu11;
				GCC_NO_COMMON_BLOCKS = YES;
				GCC_WARN_64_TO_32_BIT_CONVERSION = YES;
				GCC_WARN_ABOUT_RETURN_TYPE = YES_ERROR;
				GCC_WARN_UNDECLARED_SELECTOR = YES;
				GCC_WARN_UNINITIALIZED_AUTOS = YES_AGGRESSIVE;
				GCC_WARN_UNUSED_FUNCTION = YES;
				GCC_WARN_UNUSED_VARIABLE = YES;
				IPHONEOS_DEPLOYMENT_TARGET = 14.4;
				MTL_ENABLE_DEBUG_INFO = NO;
				MTL_FAST_MATH = YES;
				SDKROOT = iphoneos;
				SWIFT_COMPILATION_MODE = wholemodule;
				SWIFT_OPTIMIZATION_LEVEL = "-O";
				VALIDATE_PRODUCT = YES;
			};
			name = Release;
		};
		7F1119ED28BD9D03008C0570 /* Debug */ = {
			isa = XCBuildConfiguration;
			buildSettings = {
				ASSETCATALOG_COMPILER_APPICON_NAME = AppIcon;
				ASSETCATALOG_COMPILER_GLOBAL_ACCENT_COLOR_NAME = AccentColor;
				CODE_SIGN_STYLE = Automatic;
				CURRENT_PROJECT_VERSION = 1;
				DEVELOPMENT_ASSET_PATHS = "\"SensorAndBLE/Preview Content\"";
				DEVELOPMENT_TEAM = N944WZ8FT2;
				ENABLE_PREVIEWS = YES;
				GENERATE_INFOPLIST_FILE = YES;
				INFOPLIST_KEY_NSBluetoothAlwaysUsageDescription = "このアプリでBluetoothを使用します";
				INFOPLIST_KEY_UIApplicationSceneManifest_Generation = YES;
				INFOPLIST_KEY_UIApplicationSupportsIndirectInputEvents = YES;
				INFOPLIST_KEY_UILaunchScreen_Generation = YES;
				INFOPLIST_KEY_UISupportedInterfaceOrientations_iPad = "UIInterfaceOrientationPortrait UIInterfaceOrientationPortraitUpsideDown UIInterfaceOrientationLandscapeLeft UIInterfaceOrientationLandscapeRight";
				INFOPLIST_KEY_UISupportedInterfaceOrientations_iPhone = "UIInterfaceOrientationLandscapeRight UIInterfaceOrientationLandscapeRight";
				LD_RUNPATH_SEARCH_PATHS = (
					"$(inherited)",
					"@executable_path/Frameworks",
				);
				MARKETING_VERSION = 1.0;
				PRODUCT_BUNDLE_IDENTIFIER = jp.jec.ac..com;
				PRODUCT_NAME = "$(TARGET_NAME)";
				SWIFT_EMIT_LOC_STRINGS = YES;
				SWIFT_VERSION = 5.0;
				TARGETED_DEVICE_FAMILY = "1,2";
			};
			name = Debug;
		};
		7F1119EE28BD9D03008C0570 /* Release */ = {
			isa = XCBuildConfiguration;
			buildSettings = {
				ASSETCATALOG_COMPILER_APPICON_NAME = AppIcon;
				ASSETCATALOG_COMPILER_GLOBAL_ACCENT_COLOR_NAME = AccentColor;
				CODE_SIGN_STYLE = Automatic;
				CURRENT_PROJECT_VERSION = 1;
				DEVELOPMENT_ASSET_PATHS = "\"SensorAndBLE/Preview Content\"";
				DEVELOPMENT_TEAM = N944WZ8FT2;
				ENABLE_PREVIEWS = YES;
				GENERATE_INFOPLIST_FILE = YES;
				INFOPLIST_KEY_NSBluetoothAlwaysUsageDescription = "このアプリでBluetoothを使用します";
				INFOPLIST_KEY_UIApplicationSceneManifest_Generation = YES;
				INFOPLIST_KEY_UIApplicationSupportsIndirectInputEvents = YES;
				INFOPLIST_KEY_UILaunchScreen_Generation = YES;
				INFOPLIST_KEY_UISupportedInterfaceOrientations_iPad = "UIInterfaceOrientationPortrait UIInterfaceOrientationPortraitUpsideDown UIInterfaceOrientationLandscapeLeft UIInterfaceOrientationLandscapeRight";
				INFOPLIST_KEY_UISupportedInterfaceOrientations_iPhone = "UIInterfaceOrientationLandscapeRight UIInterfaceOrientationLandscapeRight";
				LD_RUNPATH_SEARCH_PATHS = (
					"$(inherited)",
					"@executable_path/Frameworks",
				);
				MARKETING_VERSION = 1.0;
				PRODUCT_BUNDLE_IDENTIFIER = jp.jec.ac..com;
				PRODUCT_NAME = "$(TARGET_NAME)";
				SWIFT_EMIT_LOC_STRINGS = YES;
				SWIFT_VERSION = 5.0;
				TARGETED_DEVICE_FAMILY = "1,2";
			};
			name = Release;
		};
/* End XCBuildConfiguration section */

/* Begin XCConfigurationList section */
		7F1119D928BD9D00008C0570 /* Build configuration list for PBXProject "SensorAndBLE" */ = {
			isa = XCConfigurationList;
			buildConfigurations = (
				7F1119EA28BD9D03008C0570 /* Debug */,
				7F1119EB28BD9D03008C0570 /* Release */,
			);
			defaultConfigurationIsVisible = 0;
			defaultConfigurationName = Release;
		};
		7F1119EC28BD9D03008C0570 /* Build configuration list for PBXNativeTarget "SensorAndBLE" */ = {
			isa = XCConfigurationList;
			buildConfigurations = (
				7F1119ED28BD9D03008C0570 /* Debug */,
				7F1119EE28BD9D03008C0570 /* Release */,
			);
			defaultConfigurationIsVisible = 0;
			defaultConfigurationName = Release;
		};
/* End XCConfigurationList section */
	};
	rootObject = 7F1119D628BD9D00008C0570 /* Project object */;
}
